
Microsoft Visual Studio Solution File, Format Version 12.00
# Visual Studio Version 17
VisualStudioVersion = 17.9.34723.18
MinimumVisualStudioVersion = 10.0.40219.1
Project("{FAE04EC0-301F-11D3-BF4B-00C04F79EFBC}") = "ZoneDemerger", "ZoneDemerger.csproj", "{8F4D1A14-7D79-47D0-9E7A-1339006DA6E5}"
EndProject
Project("{2150E333-8FDC-42A3-9474-1A3956D46DE8}") = "Solution Items", "Solution Items", "{04B898CE-D915-4631-B4CD-6898C072FC02}"
	ProjectSection(SolutionItems) = preProject
		ZoneDemerger.cs = ZoneDemerger.cs
	EndProjectSection
EndProject
Global
	GlobalSection(SolutionConfigurationPlatforms) = preSolution
		Debug|Any CPU = Debug|Any CPU
		Release|Any CPU = Release|Any CPU
	EndGlobalSection
	GlobalSection(ProjectConfigurationPlatforms) = postSolution
		{8F4D1A14-7D79-47D0-9E7A-1339006DA6E5}.Debug|Any CPU.ActiveCfg = Debug|Any CPU
		{8F4D1A14-7D79-47D0-9E7A-1339006DA6E5}.Debug|Any CPU.Build.0 = Debug|Any CPU
		{8F4D1A14-7D79-47D0-9E7A-1339006DA6E5}.Release|Any CPU.ActiveCfg = Release|Any CPU
		{8F4D1A14-7D79-47D0-9E7A-1339006DA6E5}.Release|Any CPU.Build.0 = Release|Any CPU
	EndGlobalSection
	GlobalSection(SolutionProperties) = preSolution
		HideSolutionNode = FALSE
	EndGlobalSection
	GlobalSection(ExtensibilityGlobals) = postSolution
		SolutionGuid = {A811FD3F-2F66-4501-BE8E-A26CD59BDB49}
	EndGlobalSection
EndGlobal
